<?xml version="1.0" encoding="UTF-8"?>
<CONFIG>
  <ProjectOptions>
    <Version Value="9"/>
    <PathDelim Value="\"/>
    <General>
      <Flags>
        <MainUnitHasCreateFormStatements Value="False"/>
      </Flags>
      <SessionStorage Value="InProjectDir"/>
      <MainUnit Value="0"/>
      <Title Value="GA-RCPSP-OC"/>
      <UseAppBundle Value="False"/>
      <ResourceType Value="res"/>
    </General>
    <i18n>
      <EnableI18N LFM="False"/>
    </i18n>
    <VersionInfo>
      <StringTable ProductVersion=""/>
    </VersionInfo>
    <BuildModes Count="3">
      <Item1 Name="Default" Default="True"/>
      <Item2 Name="Debug">
        <CompilerOptions>
          <Version Value="11"/>
          <PathDelim Value="\"/>
          <Target>
            <Filename Value="rcpspoc"/>
          </Target>
          <SearchPaths>
            <IncludeFiles Value="$(ProjOutDir)"/>
            <OtherUnitFiles Value="C:\Users\a.schnabel\Downloads\omnithreadlibrary-read-only\;C:\Users\a.schnabel\Downloads\omnithreadlibrary-read-only\src\"/>
            <UnitOutputDirectory Value="lib\$(TargetCPU)-$(TargetOS)"/>
          </SearchPaths>
          <Parsing>
            <SyntaxOptions>
              <SyntaxMode Value="Delphi"/>
              <IncludeAssertionCode Value="True"/>
              <UseAnsiStrings Value="False"/>
            </SyntaxOptions>
          </Parsing>
          <CodeGeneration>
            <Checks>
              <IOChecks Value="True"/>
              <RangeChecks Value="True"/>
              <OverflowChecks Value="True"/>
              <StackChecks Value="True"/>
            </Checks>
          </CodeGeneration>
          <Linking>
            <Debugging>
              <DebugInfoType Value="dsDwarf2Set"/>
              <UseHeaptrc Value="True"/>
              <UseExternalDbgSyms Value="True"/>
            </Debugging>
          </Linking>
          <Other>
            <Verbosity>
              <ShowHintsForUnusedUnitsInMainSrc Value="True"/>
              <ShowHintsForSenderNotUsed Value="True"/>
            </Verbosity>
            <CompilerMessages>
              <MsgFileName Value=""/>
            </CompilerMessages>
            <CompilerPath Value="$(CompPath)"/>
          </Other>
        </CompilerOptions>
      </Item2>
      <Item3 Name="Release">
        <CompilerOptions>
          <Version Value="11"/>
          <PathDelim Value="\"/>
          <Target>
            <Filename Value="rcpspoc"/>
          </Target>
          <SearchPaths>
            <IncludeFiles Value="$(ProjOutDir)"/>
            <OtherUnitFiles Value="C:\Users\a.schnabel\Downloads\omnithreadlibrary-read-only\;C:\Users\a.schnabel\Downloads\omnithreadlibrary-read-only\src\"/>
            <UnitOutputDirectory Value="lib\$(TargetCPU)-$(TargetOS)"/>
          </SearchPaths>
          <Parsing>
            <SyntaxOptions>
              <SyntaxMode Value="Delphi"/>
              <UseAnsiStrings Value="False"/>
            </SyntaxOptions>
          </Parsing>
          <CodeGeneration>
            <SmartLinkUnit Value="True"/>
            <Optimizations>
              <OptimizationLevel Value="3"/>
            </Optimizations>
          </CodeGeneration>
          <Linking>
            <Debugging>
              <GenerateDebugInfo Value="False"/>
            </Debugging>
            <LinkSmart Value="True"/>
          </Linking>
          <Other>
            <Verbosity>
              <ShowHintsForUnusedUnitsInMainSrc Value="True"/>
              <ShowHintsForSenderNotUsed Value="True"/>
            </Verbosity>
            <CompilerMessages>
              <MsgFileName Value=""/>
            </CompilerMessages>
            <CompilerPath Value="$(CompPath)"/>
          </Other>
        </CompilerOptions>
      </Item3>
    </BuildModes>
    <PublishOptions>
      <Version Value="2"/>
      <IncludeFileFilter Value="*.(pas|pp|inc|lfm|lpr|lrs|lpi|lpk|sh|xml)"/>
      <ExcludeFileFilter Value="*.(bak|ppu|o|so);*~;backup"/>
    </PublishOptions>
    <RunParams>
      <local>
        <FormatVersion Value="1"/>
      </local>
    </RunParams>
    <Units Count="21">
      <Unit0>
        <Filename Value="rcpspoc.lpr"/>
        <IsPartOfProject Value="True"/>
        <UnitName Value="rcpspoc"/>
      </Unit0>
      <Unit1>
        <Filename Value="projectdata.pas"/>
        <IsPartOfProject Value="True"/>
        <UnitName Value="projectdata"/>
      </Unit1>
      <Unit2>
        <Filename Value="ssgs.pas"/>
        <IsPartOfProject Value="True"/>
        <UnitName Value="ssgs"/>
      </Unit2>
      <Unit3>
        <Filename Value="topsort.pas"/>
        <IsPartOfProject Value="True"/>
        <UnitName Value="topsort"/>
      </Unit3>
      <Unit4>
        <Filename Value="profit.pas"/>
        <IsPartOfProject Value="True"/>
        <UnitName Value="profit"/>
      </Unit4>
      <Unit5>
        <Filename Value="helpers.pas"/>
        <IsPartOfProject Value="True"/>
        <UnitName Value="helpers"/>
      </Unit5>
      <Unit6>
        <Filename Value="ssgsoc.pas"/>
        <IsPartOfProject Value="True"/>
        <UnitName Value="ssgsoc"/>
      </Unit6>
      <Unit7>
        <Filename Value="main.pas"/>
        <IsPartOfProject Value="True"/>
        <UnitName Value="main"/>
      </Unit7>
      <Unit8>
        <Filename Value="operators.pas"/>
        <IsPartOfProject Value="True"/>
        <UnitName Value="operators"/>
      </Unit8>
      <Unit9>
        <Filename Value="ssgsmod.pas"/>
        <IsPartOfProject Value="True"/>
        <UnitName Value="ssgsmod"/>
      </Unit9>
      <Unit10>
        <Filename Value="resprofiles.pas"/>
        <IsPartOfProject Value="True"/>
        <UnitName Value="resprofiles"/>
      </Unit10>
      <Unit11>
        <Filename Value="individual.pas"/>
        <IsPartOfProject Value="True"/>
        <UnitName Value="individual"/>
      </Unit11>
      <Unit12>
        <Filename Value="esschedule.pas"/>
        <IsPartOfProject Value="True"/>
        <UnitName Value="esschedule"/>
      </Unit12>
      <Unit13>
        <Filename Value="globals.pas"/>
        <IsPartOfProject Value="True"/>
        <UnitName Value="globals"/>
      </Unit13>
      <Unit14>
        <Filename Value="schedulevisualizer.pas"/>
        <IsPartOfProject Value="True"/>
        <UnitName Value="schedulevisualizer"/>
      </Unit14>
      <Unit15>
        <Filename Value="gassgsoc.pas"/>
        <IsPartOfProject Value="True"/>
        <UnitName Value="gassgsoc"/>
      </Unit15>
      <Unit16>
        <Filename Value="gassgsbeta.pas"/>
        <IsPartOfProject Value="True"/>
        <UnitName Value="gassgsbeta"/>
      </Unit16>
      <Unit17>
        <Filename Value="gassgstau.pas"/>
        <IsPartOfProject Value="True"/>
        <UnitName Value="gassgstau"/>
      </Unit17>
      <Unit18>
        <Filename Value="gassgsz.pas"/>
        <IsPartOfProject Value="True"/>
        <UnitName Value="gassgsz"/>
      </Unit18>
      <Unit19>
        <Filename Value="priorityrules.pas"/>
        <IsPartOfProject Value="True"/>
        <UnitName Value="priorityrules"/>
      </Unit19>
      <Unit20>
        <Filename Value="gassgszt.pas"/>
        <IsPartOfProject Value="True"/>
        <UnitName Value="gassgszt"/>
      </Unit20>
    </Units>
  </ProjectOptions>
  <CompilerOptions>
    <Version Value="11"/>
    <PathDelim Value="\"/>
    <Target>
      <Filename Value="rcpspoc"/>
    </Target>
    <SearchPaths>
      <IncludeFiles Value="$(ProjOutDir)"/>
      <OtherUnitFiles Value="C:\Users\a.schnabel\Downloads\omnithreadlibrary-read-only\;C:\Users\a.schnabel\Downloads\omnithreadlibrary-read-only\src\"/>
      <UnitOutputDirectory Value="lib\$(TargetCPU)-$(TargetOS)"/>
    </SearchPaths>
    <Parsing>
      <SyntaxOptions>
        <SyntaxMode Value="Delphi"/>
        <UseAnsiStrings Value="False"/>
      </SyntaxOptions>
    </Parsing>
    <CodeGeneration>
      <Optimizations>
        <OptimizationLevel Value="3"/>
      </Optimizations>
    </CodeGeneration>
    <Other>
      <Verbosity>
        <ShowHintsForUnusedUnitsInMainSrc Value="True"/>
        <ShowHintsForSenderNotUsed Value="True"/>
      </Verbosity>
      <CompilerMessages>
        <MsgFileName Value=""/>
      </CompilerMessages>
      <CompilerPath Value="$(CompPath)"/>
    </Other>
  </CompilerOptions>
  <Debugging>
    <Exceptions Count="3">
      <Item1>
        <Name Value="EAbort"/>
      </Item1>
      <Item2>
        <Name Value="ECodetoolError"/>
      </Item2>
      <Item3>
        <Name Value="EFOpenError"/>
      </Item3>
    </Exceptions>
  </Debugging>
</CONFIG>
